// !$*UTF8*$!
{
	archiveVersion = 1;
	classes = {
	};
	objectVersion = 46;
	objects = {

/* Begin PBXBuildFile section */
		7B18558515C4F18600166404 /* Parse.framework in Frameworks */ = {isa = PBXBuildFile; fileRef = 7B18558415C4F18600166404 /* Parse.framework */; };
		7B472772157CA191007C0FF9 /* InviteViewController.m in Sources */ = {isa = PBXBuildFile; fileRef = 7B472770157CA191007C0FF9 /* InviteViewController.m */; };
		7B472773157CA191007C0FF9 /* InviteViewController.xib in Resources */ = {isa = PBXBuildFile; fileRef = 7B472771157CA191007C0FF9 /* InviteViewController.xib */; };
		7B472777157D25BD007C0FF9 /* SDDataManager.m in Sources */ = {isa = PBXBuildFile; fileRef = 7B472776157D25BD007C0FF9 /* SDDataManager.m */; };
		7B472787157D3E47007C0FF9 /* GridViewController.m in Sources */ = {isa = PBXBuildFile; fileRef = 7B472786157D3E47007C0FF9 /* GridViewController.m */; };
		7B47278A157D513A007C0FF9 /* PhotoViewController.m in Sources */ = {isa = PBXBuildFile; fileRef = 7B472789157D513A007C0FF9 /* PhotoViewController.m */; };
		7B47278C157D6CF8007C0FF9 /* QuartzCore.framework in Frameworks */ = {isa = PBXBuildFile; fileRef = 7B47278B157D6CF7007C0FF9 /* QuartzCore.framework */; };
		7B7BFC2B15831C0F009DA726 /* AudioToolbox.framework in Frameworks */ = {isa = PBXBuildFile; fileRef = 7B7BFC2A15831C0F009DA726 /* AudioToolbox.framework */; };
		7B7BFC2D15831C16009DA726 /* CFNetwork.framework in Frameworks */ = {isa = PBXBuildFile; fileRef = 7B7BFC2C15831C16009DA726 /* CFNetwork.framework */; };
		7B7BFC2F15831C1D009DA726 /* SystemConfiguration.framework in Frameworks */ = {isa = PBXBuildFile; fileRef = 7B7BFC2E15831C1D009DA726 /* SystemConfiguration.framework */; };
		7B7BFC3115831C24009DA726 /* MobileCoreServices.framework in Frameworks */ = {isa = PBXBuildFile; fileRef = 7B7BFC3015831C24009DA726 /* MobileCoreServices.framework */; };
		7B7BFC3315831C32009DA726 /* libz.1.1.3.dylib in Frameworks */ = {isa = PBXBuildFile; fileRef = 7B7BFC3215831C32009DA726 /* libz.1.1.3.dylib */; };
		7B7BFC3515831C38009DA726 /* Security.framework in Frameworks */ = {isa = PBXBuildFile; fileRef = 7B7BFC3415831C38009DA726 /* Security.framework */; };
		7BAD4A8115C4DEDB009B8828 /* ELCAlbumPickerController.m in Sources */ = {isa = PBXBuildFile; fileRef = 7BAD4A6F15C4DEDB009B8828 /* ELCAlbumPickerController.m */; };
		7BAD4A8215C4DEDB009B8828 /* ELCAlbumPickerController.xib in Resources */ = {isa = PBXBuildFile; fileRef = 7BAD4A7015C4DEDB009B8828 /* ELCAlbumPickerController.xib */; };
		7BAD4A8315C4DEDB009B8828 /* ELCAsset.m in Sources */ = {isa = PBXBuildFile; fileRef = 7BAD4A7215C4DEDB009B8828 /* ELCAsset.m */; };
		7BAD4A8415C4DEDB009B8828 /* ELCAssetCell.m in Sources */ = {isa = PBXBuildFile; fileRef = 7BAD4A7415C4DEDB009B8828 /* ELCAssetCell.m */; };
		7BAD4A8515C4DEDB009B8828 /* ELCAssetPicker.xib in Resources */ = {isa = PBXBuildFile; fileRef = 7BAD4A7515C4DEDB009B8828 /* ELCAssetPicker.xib */; };
		7BAD4A8615C4DEDB009B8828 /* ELCAssetTablePicker.m in Sources */ = {isa = PBXBuildFile; fileRef = 7BAD4A7715C4DEDB009B8828 /* ELCAssetTablePicker.m */; };
		7BAD4A8715C4DEDB009B8828 /* ELCAssetTablePicker.xib in Resources */ = {isa = PBXBuildFile; fileRef = 7BAD4A7815C4DEDB009B8828 /* ELCAssetTablePicker.xib */; };
		7BAD4A8815C4DEDB009B8828 /* ELCImagePickerController.m in Sources */ = {isa = PBXBuildFile; fileRef = 7BAD4A7A15C4DEDB009B8828 /* ELCImagePickerController.m */; };
		7BAD4A8915C4DEDB009B8828 /* ELCImagePickerController.xib in Resources */ = {isa = PBXBuildFile; fileRef = 7BAD4A7B15C4DEDB009B8828 /* ELCImagePickerController.xib */; };
		7BAD4A8A15C4DEDB009B8828 /* Overlay-Green.png in Resources */ = {isa = PBXBuildFile; fileRef = 7BAD4A7C15C4DEDB009B8828 /* Overlay-Green.png */; };
		7BAD4A8B15C4DEDB009B8828 /* Overlay-Green@2x.png in Resources */ = {isa = PBXBuildFile; fileRef = 7BAD4A7D15C4DEDB009B8828 /* Overlay-Green@2x.png */; };
		7BAD4A8C15C4DEDB009B8828 /* Overlay.png in Resources */ = {isa = PBXBuildFile; fileRef = 7BAD4A7E15C4DEDB009B8828 /* Overlay.png */; };
		7BAD4A8D15C4DEDB009B8828 /* Overlay@2x.png in Resources */ = {isa = PBXBuildFile; fileRef = 7BAD4A7F15C4DEDB009B8828 /* Overlay@2x.png */; };
		7BB25414157C68DE0084ACA8 /* UIKit.framework in Frameworks */ = {isa = PBXBuildFile; fileRef = 7BB25413157C68DE0084ACA8 /* UIKit.framework */; };
		7BB25416157C68DE0084ACA8 /* Foundation.framework in Frameworks */ = {isa = PBXBuildFile; fileRef = 7BB25415157C68DE0084ACA8 /* Foundation.framework */; };
		7BB25418157C68DE0084ACA8 /* CoreGraphics.framework in Frameworks */ = {isa = PBXBuildFile; fileRef = 7BB25417157C68DE0084ACA8 /* CoreGraphics.framework */; };
		7BB2541E157C68DE0084ACA8 /* InfoPlist.strings in Resources */ = {isa = PBXBuildFile; fileRef = 7BB2541C157C68DE0084ACA8 /* InfoPlist.strings */; };
		7BB25420157C68DE0084ACA8 /* main.m in Sources */ = {isa = PBXBuildFile; fileRef = 7BB2541F157C68DE0084ACA8 /* main.m */; };
		7BB25424157C68DE0084ACA8 /* AppDelegate.m in Sources */ = {isa = PBXBuildFile; fileRef = 7BB25423157C68DE0084ACA8 /* AppDelegate.m */; };
		7BB2546C157C6A560084ACA8 /* SDFooterButtonView.html in Resources */ = {isa = PBXBuildFile; fileRef = 7BB2542E157C6A560084ACA8 /* SDFooterButtonView.html */; };
		7BB2546D157C6A560084ACA8 /* SDPatternCell.html in Resources */ = {isa = PBXBuildFile; fileRef = 7BB2542F157C6A560084ACA8 /* SDPatternCell.html */; };
		7BB2546E157C6A560084ACA8 /* SDPlaceholderCell.html in Resources */ = {isa = PBXBuildFile; fileRef = 7BB25430157C6A560084ACA8 /* SDPlaceholderCell.html */; };
		7BB2546F157C6A560084ACA8 /* SDRoundedImageViewCell.html in Resources */ = {isa = PBXBuildFile; fileRef = 7BB25431157C6A560084ACA8 /* SDRoundedImageViewCell.html */; };
		7BB25470157C6A560084ACA8 /* SDSwitchCell.html in Resources */ = {isa = PBXBuildFile; fileRef = 7BB25432157C6A560084ACA8 /* SDSwitchCell.html */; };
		7BB25471157C6A560084ACA8 /* SDTextFieldCell.html in Resources */ = {isa = PBXBuildFile; fileRef = 7BB25433157C6A560084ACA8 /* SDTextFieldCell.html */; };
		7BB25472157C6A560084ACA8 /* styles.css in Resources */ = {isa = PBXBuildFile; fileRef = 7BB25435157C6A560084ACA8 /* styles.css */; };
		7BB25473157C6A560084ACA8 /* stylesPrint.css in Resources */ = {isa = PBXBuildFile; fileRef = 7BB25436157C6A560084ACA8 /* stylesPrint.css */; };
		7BB25474157C6A560084ACA8 /* hierarchy.html in Resources */ = {isa = PBXBuildFile; fileRef = 7BB25437157C6A560084ACA8 /* hierarchy.html */; };
		7BB25475157C6A560084ACA8 /* button_bar_background.png in Resources */ = {isa = PBXBuildFile; fileRef = 7BB25439157C6A560084ACA8 /* button_bar_background.png */; };
		7BB25476157C6A560084ACA8 /* disclosure.png in Resources */ = {isa = PBXBuildFile; fileRef = 7BB2543A157C6A560084ACA8 /* disclosure.png */; };
		7BB25477157C6A560084ACA8 /* disclosure_open.png in Resources */ = {isa = PBXBuildFile; fileRef = 7BB2543B157C6A560084ACA8 /* disclosure_open.png */; };
		7BB25478157C6A560084ACA8 /* library_background.png in Resources */ = {isa = PBXBuildFile; fileRef = 7BB2543C157C6A560084ACA8 /* library_background.png */; };
		7BB25479157C6A560084ACA8 /* title_background.png in Resources */ = {isa = PBXBuildFile; fileRef = 7BB2543D157C6A560084ACA8 /* title_background.png */; };
		7BB2547A157C6A560084ACA8 /* index.html in Resources */ = {isa = PBXBuildFile; fileRef = 7BB2543E157C6A560084ACA8 /* index.html */; };
		7BB2547B157C6A560084ACA8 /* gg.jpg in Resources */ = {isa = PBXBuildFile; fileRef = 7BB2543F157C6A560084ACA8 /* gg.jpg */; };
		7BB2547C157C6A560084ACA8 /* gray_button.png in Resources */ = {isa = PBXBuildFile; fileRef = 7BB25440157C6A560084ACA8 /* gray_button.png */; };
		7BB2547D157C6A560084ACA8 /* Green_background.png in Resources */ = {isa = PBXBuildFile; fileRef = 7BB25441157C6A560084ACA8 /* Green_background.png */; };
		7BB2547E157C6A560084ACA8 /* log in Resources */ = {isa = PBXBuildFile; fileRef = 7BB25442157C6A560084ACA8 /* log */; };
		7BB2547F157C6A560084ACA8 /* README.md in Resources */ = {isa = PBXBuildFile; fileRef = 7BB25443157C6A560084ACA8 /* README.md */; };
		7BB25480157C6A560084ACA8 /* Red_Background.png in Resources */ = {isa = PBXBuildFile; fileRef = 7BB25444157C6A560084ACA8 /* Red_Background.png */; };
		7BB25481157C6A560084ACA8 /* SDFooterButtonView.m in Sources */ = {isa = PBXBuildFile; fileRef = 7BB25446157C6A560084ACA8 /* SDFooterButtonView.m */; };
		7BB25482157C6A560084ACA8 /* SDPatternCell.m in Sources */ = {isa = PBXBuildFile; fileRef = 7BB25449157C6A560084ACA8 /* SDPatternCell.m */; };
		7BB25483157C6A560084ACA8 /* SDPlaceholderCell.m in Sources */ = {isa = PBXBuildFile; fileRef = 7BB2544B157C6A560084ACA8 /* SDPlaceholderCell.m */; };
		7BB25484157C6A560084ACA8 /* SDRoundedImageViewCell.m in Sources */ = {isa = PBXBuildFile; fileRef = 7BB2544D157C6A560084ACA8 /* SDRoundedImageViewCell.m */; };
		7BB25485157C6A560084ACA8 /* SDSwitchCell.m in Sources */ = {isa = PBXBuildFile; fileRef = 7BB2544F157C6A560084ACA8 /* SDSwitchCell.m */; };
		7BB25486157C6A560084ACA8 /* SDTextFieldCell.m in Sources */ = {isa = PBXBuildFile; fileRef = 7BB25451157C6A560084ACA8 /* SDTextFieldCell.m */; };
		7BB25487157C6A560084ACA8 /* NSManagedObjectContext+SSDataKitAdditions.m in Sources */ = {isa = PBXBuildFile; fileRef = 7BB25454157C6A560084ACA8 /* NSManagedObjectContext+SSDataKitAdditions.m */; };
		7BB25488157C6A560084ACA8 /* Readme.markdown in Resources */ = {isa = PBXBuildFile; fileRef = 7BB25455157C6A560084ACA8 /* Readme.markdown */; };
		7BB25489157C6A560084ACA8 /* SSFilterableFetchedResultsController.m in Sources */ = {isa = PBXBuildFile; fileRef = 7BB25458157C6A560084ACA8 /* SSFilterableFetchedResultsController.m */; };
		7BB2548A157C6A560084ACA8 /* SSFilteredResultsFilter.m in Sources */ = {isa = PBXBuildFile; fileRef = 7BB2545A157C6A560084ACA8 /* SSFilteredResultsFilter.m */; };
		7BB2548B157C6A560084ACA8 /* SSFilteredResultsSection.m in Sources */ = {isa = PBXBuildFile; fileRef = 7BB2545C157C6A560084ACA8 /* SSFilteredResultsSection.m */; };
		7BB2548C157C6A560084ACA8 /* SSManagedObject.m in Sources */ = {isa = PBXBuildFile; fileRef = 7BB2545E157C6A560084ACA8 /* SSManagedObject.m */; };
		7BB2548D157C6A560084ACA8 /* SSManagedObjectContext.m in Sources */ = {isa = PBXBuildFile; fileRef = 7BB25460157C6A560084ACA8 /* SSManagedObjectContext.m */; };
		7BB2548E157C6A560084ACA8 /* SSManagedObjectContextObserver.m in Sources */ = {isa = PBXBuildFile; fileRef = 7BB25462157C6A560084ACA8 /* SSManagedObjectContextObserver.m */; };
		7BB2548F157C6A560084ACA8 /* SSManagedObjectController.m in Sources */ = {isa = PBXBuildFile; fileRef = 7BB25465157C6A560084ACA8 /* SSManagedObjectController.m */; };
		7BB25490157C6A560084ACA8 /* SSManagedTableViewController.m in Sources */ = {isa = PBXBuildFile; fileRef = 7BB25467157C6A560084ACA8 /* SSManagedTableViewController.m */; };
		7BB25491157C6A560084ACA8 /* SSManagedViewController.m in Sources */ = {isa = PBXBuildFile; fileRef = 7BB25469157C6A560084ACA8 /* SSManagedViewController.m */; };
		7BB25492157C6A560084ACA8 /* SSRemoteManagedObject.m in Sources */ = {isa = PBXBuildFile; fileRef = 7BB2546B157C6A560084ACA8 /* SSRemoteManagedObject.m */; };
		7BB2549B157C6AA60084ACA8 /* NameGroupViewController.m in Sources */ = {isa = PBXBuildFile; fileRef = 7BB2549A157C6AA60084ACA8 /* NameGroupViewController.m */; };
		7BB2549F157C6ACA0084ACA8 /* HomeViewController.m in Sources */ = {isa = PBXBuildFile; fileRef = 7BB2549E157C6ACA0084ACA8 /* HomeViewController.m */; };
		7BB254A1157C6B070084ACA8 /* CoreData.framework in Frameworks */ = {isa = PBXBuildFile; fileRef = 7BB254A0157C6B070084ACA8 /* CoreData.framework */; };
		7BB254A3157C6DBE0084ACA8 /* change_log.mdown in Resources */ = {isa = PBXBuildFile; fileRef = 7BB254A2157C6DBE0084ACA8 /* change_log.mdown */; };
		7BB254D0157C86CD0084ACA8 /* AssetsLibrary.framework in Frameworks */ = {isa = PBXBuildFile; fileRef = 7BB254CF157C86CD0084ACA8 /* AssetsLibrary.framework */; };
/* End PBXBuildFile section */

/* Begin PBXFileReference section */
		7B18558415C4F18600166404 /* Parse.framework */ = {isa = PBXFileReference; lastKnownFileType = wrapper.framework; path = Parse.framework; sourceTree = "<group>"; };
		7B47276F157CA191007C0FF9 /* InviteViewController.h */ = {isa = PBXFileReference; fileEncoding = 4; lastKnownFileType = sourcecode.c.h; path = InviteViewController.h; sourceTree = "<group>"; };
		7B472770157CA191007C0FF9 /* InviteViewController.m */ = {isa = PBXFileReference; fileEncoding = 4; lastKnownFileType = sourcecode.c.objc; path = InviteViewController.m; sourceTree = "<group>"; };
		7B472771157CA191007C0FF9 /* InviteViewController.xib */ = {isa = PBXFileReference; fileEncoding = 4; lastKnownFileType = file.xib; path = InviteViewController.xib; sourceTree = "<group>"; };
		7B472775157D25BD007C0FF9 /* SDDataManager.h */ = {isa = PBXFileReference; fileEncoding = 4; lastKnownFileType = sourcecode.c.h; path = SDDataManager.h; sourceTree = "<group>"; };
		7B472776157D25BD007C0FF9 /* SDDataManager.m */ = {isa = PBXFileReference; fileEncoding = 4; lastKnownFileType = sourcecode.c.objc; path = SDDataManager.m; sourceTree = "<group>"; };
		7B472785157D3E46007C0FF9 /* GridViewController.h */ = {isa = PBXFileReference; fileEncoding = 4; lastKnownFileType = sourcecode.c.h; path = GridViewController.h; sourceTree = "<group>"; };
		7B472786157D3E47007C0FF9 /* GridViewController.m */ = {isa = PBXFileReference; fileEncoding = 4; lastKnownFileType = sourcecode.c.objc; path = GridViewController.m; sourceTree = "<group>"; };
		7B472788157D5139007C0FF9 /* PhotoViewController.h */ = {isa = PBXFileReference; fileEncoding = 4; lastKnownFileType = sourcecode.c.h; path = PhotoViewController.h; sourceTree = "<group>"; };
		7B472789157D513A007C0FF9 /* PhotoViewController.m */ = {isa = PBXFileReference; fileEncoding = 4; lastKnownFileType = sourcecode.c.objc; path = PhotoViewController.m; sourceTree = "<group>"; };
		7B47278B157D6CF7007C0FF9 /* QuartzCore.framework */ = {isa = PBXFileReference; lastKnownFileType = wrapper.framework; name = QuartzCore.framework; path = System/Library/Frameworks/QuartzCore.framework; sourceTree = SDKROOT; };
		7B7BFC2A15831C0F009DA726 /* AudioToolbox.framework */ = {isa = PBXFileReference; lastKnownFileType = wrapper.framework; name = AudioToolbox.framework; path = System/Library/Frameworks/AudioToolbox.framework; sourceTree = SDKROOT; };
		7B7BFC2C15831C16009DA726 /* CFNetwork.framework */ = {isa = PBXFileReference; lastKnownFileType = wrapper.framework; name = CFNetwork.framework; path = System/Library/Frameworks/CFNetwork.framework; sourceTree = SDKROOT; };
		7B7BFC2E15831C1D009DA726 /* SystemConfiguration.framework */ = {isa = PBXFileReference; lastKnownFileType = wrapper.framework; name = SystemConfiguration.framework; path = System/Library/Frameworks/SystemConfiguration.framework; sourceTree = SDKROOT; };
		7B7BFC3015831C24009DA726 /* MobileCoreServices.framework */ = {isa = PBXFileReference; lastKnownFileType = wrapper.framework; name = MobileCoreServices.framework; path = System/Library/Frameworks/MobileCoreServices.framework; sourceTree = SDKROOT; };
		7B7BFC3215831C32009DA726 /* libz.1.1.3.dylib */ = {isa = PBXFileReference; lastKnownFileType = "compiled.mach-o.dylib"; name = libz.1.1.3.dylib; path = usr/lib/libz.1.1.3.dylib; sourceTree = SDKROOT; };
		7B7BFC3415831C38009DA726 /* Security.framework */ = {isa = PBXFileReference; lastKnownFileType = wrapper.framework; name = Security.framework; path = System/Library/Frameworks/Security.framework; sourceTree = SDKROOT; };
		7BAD4A6E15C4DEDB009B8828 /* ELCAlbumPickerController.h */ = {isa = PBXFileReference; fileEncoding = 4; lastKnownFileType = sourcecode.c.h; path = ELCAlbumPickerController.h; sourceTree = "<group>"; };
		7BAD4A6F15C4DEDB009B8828 /* ELCAlbumPickerController.m */ = {isa = PBXFileReference; fileEncoding = 4; lastKnownFileType = sourcecode.c.objc; path = ELCAlbumPickerController.m; sourceTree = "<group>"; };
		7BAD4A7015C4DEDB009B8828 /* ELCAlbumPickerController.xib */ = {isa = PBXFileReference; fileEncoding = 4; lastKnownFileType = file.xib; path = ELCAlbumPickerController.xib; sourceTree = "<group>"; };
		7BAD4A7115C4DEDB009B8828 /* ELCAsset.h */ = {isa = PBXFileReference; fileEncoding = 4; lastKnownFileType = sourcecode.c.h; path = ELCAsset.h; sourceTree = "<group>"; };
		7BAD4A7215C4DEDB009B8828 /* ELCAsset.m */ = {isa = PBXFileReference; fileEncoding = 4; lastKnownFileType = sourcecode.c.objc; path = ELCAsset.m; sourceTree = "<group>"; };
		7BAD4A7315C4DEDB009B8828 /* ELCAssetCell.h */ = {isa = PBXFileReference; fileEncoding = 4; lastKnownFileType = sourcecode.c.h; path = ELCAssetCell.h; sourceTree = "<group>"; };
		7BAD4A7415C4DEDB009B8828 /* ELCAssetCell.m */ = {isa = PBXFileReference; fileEncoding = 4; lastKnownFileType = sourcecode.c.objc; path = ELCAssetCell.m; sourceTree = "<group>"; };
		7BAD4A7515C4DEDB009B8828 /* ELCAssetPicker.xib */ = {isa = PBXFileReference; fileEncoding = 4; lastKnownFileType = file.xib; path = ELCAssetPicker.xib; sourceTree = "<group>"; };
		7BAD4A7615C4DEDB009B8828 /* ELCAssetTablePicker.h */ = {isa = PBXFileReference; fileEncoding = 4; lastKnownFileType = sourcecode.c.h; path = ELCAssetTablePicker.h; sourceTree = "<group>"; };
		7BAD4A7715C4DEDB009B8828 /* ELCAssetTablePicker.m */ = {isa = PBXFileReference; fileEncoding = 4; lastKnownFileType = sourcecode.c.objc; path = ELCAssetTablePicker.m; sourceTree = "<group>"; };
		7BAD4A7815C4DEDB009B8828 /* ELCAssetTablePicker.xib */ = {isa = PBXFileReference; fileEncoding = 4; lastKnownFileType = file.xib; path = ELCAssetTablePicker.xib; sourceTree = "<group>"; };
		7BAD4A7915C4DEDB009B8828 /* ELCImagePickerController.h */ = {isa = PBXFileReference; fileEncoding = 4; lastKnownFileType = sourcecode.c.h; path = ELCImagePickerController.h; sourceTree = "<group>"; };
		7BAD4A7A15C4DEDB009B8828 /* ELCImagePickerController.m */ = {isa = PBXFileReference; fileEncoding = 4; lastKnownFileType = sourcecode.c.objc; path = ELCImagePickerController.m; sourceTree = "<group>"; };
		7BAD4A7B15C4DEDB009B8828 /* ELCImagePickerController.xib */ = {isa = PBXFileReference; fileEncoding = 4; lastKnownFileType = file.xib; path = ELCImagePickerController.xib; sourceTree = "<group>"; };
		7BAD4A7C15C4DEDB009B8828 /* Overlay-Green.png */ = {isa = PBXFileReference; lastKnownFileType = image.png; path = "Overlay-Green.png"; sourceTree = "<group>"; };
		7BAD4A7D15C4DEDB009B8828 /* Overlay-Green@2x.png */ = {isa = PBXFileReference; lastKnownFileType = image.png; path = "Overlay-Green@2x.png"; sourceTree = "<group>"; };
		7BAD4A7E15C4DEDB009B8828 /* Overlay.png */ = {isa = PBXFileReference; lastKnownFileType = image.png; path = Overlay.png; sourceTree = "<group>"; };
		7BAD4A7F15C4DEDB009B8828 /* Overlay@2x.png */ = {isa = PBXFileReference; lastKnownFileType = image.png; path = "Overlay@2x.png"; sourceTree = "<group>"; };
		7BB2540F157C68DE0084ACA8 /* Shoebox.app */ = {isa = PBXFileReference; explicitFileType = wrapper.application; includeInIndex = 0; path = Shoebox.app; sourceTree = BUILT_PRODUCTS_DIR; };
		7BB25413157C68DE0084ACA8 /* UIKit.framework */ = {isa = PBXFileReference; lastKnownFileType = wrapper.framework; name = UIKit.framework; path = System/Library/Frameworks/UIKit.framework; sourceTree = SDKROOT; };
		7BB25415157C68DE0084ACA8 /* Foundation.framework */ = {isa = PBXFileReference; lastKnownFileType = wrapper.framework; name = Foundation.framework; path = System/Library/Frameworks/Foundation.framework; sourceTree = SDKROOT; };
		7BB25417157C68DE0084ACA8 /* CoreGraphics.framework */ = {isa = PBXFileReference; lastKnownFileType = wrapper.framework; name = CoreGraphics.framework; path = System/Library/Frameworks/CoreGraphics.framework; sourceTree = SDKROOT; };
		7BB2541B157C68DE0084ACA8 /* Shoebox-Info.plist */ = {isa = PBXFileReference; lastKnownFileType = text.plist.xml; path = "Shoebox-Info.plist"; sourceTree = "<group>"; };
		7BB2541D157C68DE0084ACA8 /* en */ = {isa = PBXFileReference; lastKnownFileType = text.plist.strings; name = en; path = en.lproj/InfoPlist.strings; sourceTree = "<group>"; };
		7BB2541F157C68DE0084ACA8 /* main.m */ = {isa = PBXFileReference; lastKnownFileType = sourcecode.c.objc; path = main.m; sourceTree = "<group>"; };
		7BB25421157C68DE0084ACA8 /* Shoebox-Prefix.pch */ = {isa = PBXFileReference; lastKnownFileType = sourcecode.c.h; path = "Shoebox-Prefix.pch"; sourceTree = "<group>"; };
		7BB25422157C68DE0084ACA8 /* AppDelegate.h */ = {isa = PBXFileReference; lastKnownFileType = sourcecode.c.h; path = AppDelegate.h; sourceTree = "<group>"; };
		7BB25423157C68DE0084ACA8 /* AppDelegate.m */ = {isa = PBXFileReference; lastKnownFileType = sourcecode.c.objc; path = AppDelegate.m; sourceTree = "<group>"; };
		7BB2542E157C6A560084ACA8 /* SDFooterButtonView.html */ = {isa = PBXFileReference; fileEncoding = 4; lastKnownFileType = text.html.documentation; path = SDFooterButtonView.html; sourceTree = "<group>"; };
		7BB2542F157C6A560084ACA8 /* SDPatternCell.html */ = {isa = PBXFileReference; fileEncoding = 4; lastKnownFileType = text.html.documentation; path = SDPatternCell.html; sourceTree = "<group>"; };
		7BB25430157C6A560084ACA8 /* SDPlaceholderCell.html */ = {isa = PBXFileReference; fileEncoding = 4; lastKnownFileType = text.html.documentation; path = SDPlaceholderCell.html; sourceTree = "<group>"; };
		7BB25431157C6A560084ACA8 /* SDRoundedImageViewCell.html */ = {isa = PBXFileReference; fileEncoding = 4; lastKnownFileType = text.html.documentation; path = SDRoundedImageViewCell.html; sourceTree = "<group>"; };
		7BB25432157C6A560084ACA8 /* SDSwitchCell.html */ = {isa = PBXFileReference; fileEncoding = 4; lastKnownFileType = text.html.documentation; path = SDSwitchCell.html; sourceTree = "<group>"; };
		7BB25433157C6A560084ACA8 /* SDTextFieldCell.html */ = {isa = PBXFileReference; fileEncoding = 4; lastKnownFileType = text.html.documentation; path = SDTextFieldCell.html; sourceTree = "<group>"; };
		7BB25435157C6A560084ACA8 /* styles.css */ = {isa = PBXFileReference; fileEncoding = 4; lastKnownFileType = text.css; path = styles.css; sourceTree = "<group>"; };
		7BB25436157C6A560084ACA8 /* stylesPrint.css */ = {isa = PBXFileReference; fileEncoding = 4; lastKnownFileType = text.css; path = stylesPrint.css; sourceTree = "<group>"; };
		7BB25437157C6A560084ACA8 /* hierarchy.html */ = {isa = PBXFileReference; fileEncoding = 4; lastKnownFileType = text.html.documentation; path = hierarchy.html; sourceTree = "<group>"; };
		7BB25439157C6A560084ACA8 /* button_bar_background.png */ = {isa = PBXFileReference; lastKnownFileType = image.png; path = button_bar_background.png; sourceTree = "<group>"; };
		7BB2543A157C6A560084ACA8 /* disclosure.png */ = {isa = PBXFileReference; lastKnownFileType = image.png; path = disclosure.png; sourceTree = "<group>"; };
		7BB2543B157C6A560084ACA8 /* disclosure_open.png */ = {isa = PBXFileReference; lastKnownFileType = image.png; path = disclosure_open.png; sourceTree = "<group>"; };
		7BB2543C157C6A560084ACA8 /* library_background.png */ = {isa = PBXFileReference; lastKnownFileType = image.png; path = library_background.png; sourceTree = "<group>"; };
		7BB2543D157C6A560084ACA8 /* title_background.png */ = {isa = PBXFileReference; lastKnownFileType = image.png; path = title_background.png; sourceTree = "<group>"; };
		7BB2543E157C6A560084ACA8 /* index.html */ = {isa = PBXFileReference; fileEncoding = 4; lastKnownFileType = text.html.documentation; path = index.html; sourceTree = "<group>"; };
		7BB2543F157C6A560084ACA8 /* gg.jpg */ = {isa = PBXFileReference; lastKnownFileType = image.jpeg; path = gg.jpg; sourceTree = "<group>"; };
		7BB25440157C6A560084ACA8 /* gray_button.png */ = {isa = PBXFileReference; lastKnownFileType = image.png; path = gray_button.png; sourceTree = "<group>"; };
		7BB25441157C6A560084ACA8 /* Green_background.png */ = {isa = PBXFileReference; lastKnownFileType = image.png; path = Green_background.png; sourceTree = "<group>"; };
		7BB25442157C6A560084ACA8 /* log */ = {isa = PBXFileReference; fileEncoding = 4; lastKnownFileType = text; path = log; sourceTree = "<group>"; };
		7BB25443157C6A560084ACA8 /* README.md */ = {isa = PBXFileReference; fileEncoding = 4; lastKnownFileType = text; path = README.md; sourceTree = "<group>"; };
		7BB25444157C6A560084ACA8 /* Red_Background.png */ = {isa = PBXFileReference; lastKnownFileType = image.png; path = Red_Background.png; sourceTree = "<group>"; };
		7BB25445157C6A560084ACA8 /* SDFooterButtonView.h */ = {isa = PBXFileReference; fileEncoding = 4; lastKnownFileType = sourcecode.c.h; path = SDFooterButtonView.h; sourceTree = "<group>"; };
		7BB25446157C6A560084ACA8 /* SDFooterButtonView.m */ = {isa = PBXFileReference; fileEncoding = 4; lastKnownFileType = sourcecode.c.objc; path = SDFooterButtonView.m; sourceTree = "<group>"; };
		7BB25447157C6A560084ACA8 /* SDKit.h */ = {isa = PBXFileReference; fileEncoding = 4; lastKnownFileType = sourcecode.c.h; path = SDKit.h; sourceTree = "<group>"; };
		7BB25448157C6A560084ACA8 /* SDPatternCell.h */ = {isa = PBXFileReference; fileEncoding = 4; lastKnownFileType = sourcecode.c.h; path = SDPatternCell.h; sourceTree = "<group>"; };
		7BB25449157C6A560084ACA8 /* SDPatternCell.m */ = {isa = PBXFileReference; fileEncoding = 4; lastKnownFileType = sourcecode.c.objc; path = SDPatternCell.m; sourceTree = "<group>"; };
		7BB2544A157C6A560084ACA8 /* SDPlaceholderCell.h */ = {isa = PBXFileReference; fileEncoding = 4; lastKnownFileType = sourcecode.c.h; path = SDPlaceholderCell.h; sourceTree = "<group>"; };
		7BB2544B157C6A560084ACA8 /* SDPlaceholderCell.m */ = {isa = PBXFileReference; fileEncoding = 4; lastKnownFileType = sourcecode.c.objc; path = SDPlaceholderCell.m; sourceTree = "<group>"; };
		7BB2544C157C6A560084ACA8 /* SDRoundedImageViewCell.h */ = {isa = PBXFileReference; fileEncoding = 4; lastKnownFileType = sourcecode.c.h; path = SDRoundedImageViewCell.h; sourceTree = "<group>"; };
		7BB2544D157C6A560084ACA8 /* SDRoundedImageViewCell.m */ = {isa = PBXFileReference; fileEncoding = 4; lastKnownFileType = sourcecode.c.objc; path = SDRoundedImageViewCell.m; sourceTree = "<group>"; };
		7BB2544E157C6A560084ACA8 /* SDSwitchCell.h */ = {isa = PBXFileReference; fileEncoding = 4; lastKnownFileType = sourcecode.c.h; path = SDSwitchCell.h; sourceTree = "<group>"; };
		7BB2544F157C6A560084ACA8 /* SDSwitchCell.m */ = {isa = PBXFileReference; fileEncoding = 4; lastKnownFileType = sourcecode.c.objc; path = SDSwitchCell.m; sourceTree = "<group>"; };
		7BB25450157C6A560084ACA8 /* SDTextFieldCell.h */ = {isa = PBXFileReference; fileEncoding = 4; lastKnownFileType = sourcecode.c.h; path = SDTextFieldCell.h; sourceTree = "<group>"; };
		7BB25451157C6A560084ACA8 /* SDTextFieldCell.m */ = {isa = PBXFileReference; fileEncoding = 4; lastKnownFileType = sourcecode.c.objc; path = SDTextFieldCell.m; sourceTree = "<group>"; };
		7BB25453157C6A560084ACA8 /* NSManagedObjectContext+SSDataKitAdditions.h */ = {isa = PBXFileReference; fileEncoding = 4; lastKnownFileType = sourcecode.c.h; path = "NSManagedObjectContext+SSDataKitAdditions.h"; sourceTree = "<group>"; };
		7BB25454157C6A560084ACA8 /* NSManagedObjectContext+SSDataKitAdditions.m */ = {isa = PBXFileReference; fileEncoding = 4; lastKnownFileType = sourcecode.c.objc; path = "NSManagedObjectContext+SSDataKitAdditions.m"; sourceTree = "<group>"; };
		7BB25455157C6A560084ACA8 /* Readme.markdown */ = {isa = PBXFileReference; fileEncoding = 4; lastKnownFileType = text; path = Readme.markdown; sourceTree = "<group>"; };
		7BB25456157C6A560084ACA8 /* SSDataKit.h */ = {isa = PBXFileReference; fileEncoding = 4; lastKnownFileType = sourcecode.c.h; path = SSDataKit.h; sourceTree = "<group>"; };
		7BB25457157C6A560084ACA8 /* SSFilterableFetchedResultsController.h */ = {isa = PBXFileReference; fileEncoding = 4; lastKnownFileType = sourcecode.c.h; path = SSFilterableFetchedResultsController.h; sourceTree = "<group>"; };
		7BB25458157C6A560084ACA8 /* SSFilterableFetchedResultsController.m */ = {isa = PBXFileReference; fileEncoding = 4; lastKnownFileType = sourcecode.c.objc; path = SSFilterableFetchedResultsController.m; sourceTree = "<group>"; };
		7BB25459157C6A560084ACA8 /* SSFilteredResultsFilter.h */ = {isa = PBXFileReference; fileEncoding = 4; lastKnownFileType = sourcecode.c.h; path = SSFilteredResultsFilter.h; sourceTree = "<group>"; };
		7BB2545A157C6A560084ACA8 /* SSFilteredResultsFilter.m */ = {isa = PBXFileReference; fileEncoding = 4; lastKnownFileType = sourcecode.c.objc; path = SSFilteredResultsFilter.m; sourceTree = "<group>"; };
		7BB2545B157C6A560084ACA8 /* SSFilteredResultsSection.h */ = {isa = PBXFileReference; fileEncoding = 4; lastKnownFileType = sourcecode.c.h; path = SSFilteredResultsSection.h; sourceTree = "<group>"; };
		7BB2545C157C6A560084ACA8 /* SSFilteredResultsSection.m */ = {isa = PBXFileReference; fileEncoding = 4; lastKnownFileType = sourcecode.c.objc; path = SSFilteredResultsSection.m; sourceTree = "<group>"; };
		7BB2545D157C6A560084ACA8 /* SSManagedObject.h */ = {isa = PBXFileReference; fileEncoding = 4; lastKnownFileType = sourcecode.c.h; path = SSManagedObject.h; sourceTree = "<group>"; };
		7BB2545E157C6A560084ACA8 /* SSManagedObject.m */ = {isa = PBXFileReference; fileEncoding = 4; lastKnownFileType = sourcecode.c.objc; path = SSManagedObject.m; sourceTree = "<group>"; };
		7BB2545F157C6A560084ACA8 /* SSManagedObjectContext.h */ = {isa = PBXFileReference; fileEncoding = 4; lastKnownFileType = sourcecode.c.h; path = SSManagedObjectContext.h; sourceTree = "<group>"; };
		7BB25460157C6A560084ACA8 /* SSManagedObjectContext.m */ = {isa = PBXFileReference; fileEncoding = 4; lastKnownFileType = sourcecode.c.objc; path = SSManagedObjectContext.m; sourceTree = "<group>"; };
		7BB25461157C6A560084ACA8 /* SSManagedObjectContextObserver.h */ = {isa = PBXFileReference; fileEncoding = 4; lastKnownFileType = sourcecode.c.h; path = SSManagedObjectContextObserver.h; sourceTree = "<group>"; };
		7BB25462157C6A560084ACA8 /* SSManagedObjectContextObserver.m */ = {isa = PBXFileReference; fileEncoding = 4; lastKnownFileType = sourcecode.c.objc; path = SSManagedObjectContextObserver.m; sourceTree = "<group>"; };
		7BB25463157C6A560084ACA8 /* SSManagedObjectContextObserverPrivate.h */ = {isa = PBXFileReference; fileEncoding = 4; lastKnownFileType = sourcecode.c.h; path = SSManagedObjectContextObserverPrivate.h; sourceTree = "<group>"; };
		7BB25464157C6A560084ACA8 /* SSManagedObjectController.h */ = {isa = PBXFileReference; fileEncoding = 4; lastKnownFileType = sourcecode.c.h; path = SSManagedObjectController.h; sourceTree = "<group>"; };
		7BB25465157C6A560084ACA8 /* SSManagedObjectController.m */ = {isa = PBXFileReference; fileEncoding = 4; lastKnownFileType = sourcecode.c.objc; path = SSManagedObjectController.m; sourceTree = "<group>"; };
		7BB25466157C6A560084ACA8 /* SSManagedTableViewController.h */ = {isa = PBXFileReference; fileEncoding = 4; lastKnownFileType = sourcecode.c.h; path = SSManagedTableViewController.h; sourceTree = "<group>"; };
		7BB25467157C6A560084ACA8 /* SSManagedTableViewController.m */ = {isa = PBXFileReference; fileEncoding = 4; lastKnownFileType = sourcecode.c.objc; path = SSManagedTableViewController.m; sourceTree = "<group>"; };
		7BB25468157C6A560084ACA8 /* SSManagedViewController.h */ = {isa = PBXFileReference; fileEncoding = 4; lastKnownFileType = sourcecode.c.h; path = SSManagedViewController.h; sourceTree = "<group>"; };
		7BB25469157C6A560084ACA8 /* SSManagedViewController.m */ = {isa = PBXFileReference; fileEncoding = 4; lastKnownFileType = sourcecode.c.objc; path = SSManagedViewController.m; sourceTree = "<group>"; };
		7BB2546A157C6A560084ACA8 /* SSRemoteManagedObject.h */ = {isa = PBXFileReference; fileEncoding = 4; lastKnownFileType = sourcecode.c.h; path = SSRemoteManagedObject.h; sourceTree = "<group>"; };
		7BB2546B157C6A560084ACA8 /* SSRemoteManagedObject.m */ = {isa = PBXFileReference; fileEncoding = 4; lastKnownFileType = sourcecode.c.objc; path = SSRemoteManagedObject.m; sourceTree = "<group>"; };
		7BB25499157C6AA60084ACA8 /* NameGroupViewController.h */ = {isa = PBXFileReference; fileEncoding = 4; lastKnownFileType = sourcecode.c.h; path = NameGroupViewController.h; sourceTree = "<group>"; };
		7BB2549A157C6AA60084ACA8 /* NameGroupViewController.m */ = {isa = PBXFileReference; fileEncoding = 4; lastKnownFileType = sourcecode.c.objc; path = NameGroupViewController.m; sourceTree = "<group>"; };
		7BB2549D157C6ACA0084ACA8 /* HomeViewController.h */ = {isa = PBXFileReference; fileEncoding = 4; lastKnownFileType = sourcecode.c.h; path = HomeViewController.h; sourceTree = "<group>"; };
		7BB2549E157C6ACA0084ACA8 /* HomeViewController.m */ = {isa = PBXFileReference; fileEncoding = 4; lastKnownFileType = sourcecode.c.objc; path = HomeViewController.m; sourceTree = "<group>"; };
		7BB254A0157C6B070084ACA8 /* CoreData.framework */ = {isa = PBXFileReference; lastKnownFileType = wrapper.framework; name = CoreData.framework; path = System/Library/Frameworks/CoreData.framework; sourceTree = SDKROOT; };
		7BB254A2157C6DBE0084ACA8 /* change_log.mdown */ = {isa = PBXFileReference; fileEncoding = 4; lastKnownFileType = text; path = change_log.mdown; sourceTree = "<group>"; };
		7BB254CF157C86CD0084ACA8 /* AssetsLibrary.framework */ = {isa = PBXFileReference; lastKnownFileType = wrapper.framework; name = AssetsLibrary.framework; path = System/Library/Frameworks/AssetsLibrary.framework; sourceTree = SDKROOT; };
/* End PBXFileReference section */

/* Begin PBXFrameworksBuildPhase section */
		7BB2540C157C68DE0084ACA8 /* Frameworks */ = {
			isa = PBXFrameworksBuildPhase;
			buildActionMask = 2147483647;
			files = (
				7B7BFC3515831C38009DA726 /* Security.framework in Frameworks */,
				7B7BFC3315831C32009DA726 /* libz.1.1.3.dylib in Frameworks */,
				7B7BFC3115831C24009DA726 /* MobileCoreServices.framework in Frameworks */,
				7B7BFC2F15831C1D009DA726 /* SystemConfiguration.framework in Frameworks */,
				7B7BFC2D15831C16009DA726 /* CFNetwork.framework in Frameworks */,
				7B7BFC2B15831C0F009DA726 /* AudioToolbox.framework in Frameworks */,
				7B47278C157D6CF8007C0FF9 /* QuartzCore.framework in Frameworks */,
				7BB254D0157C86CD0084ACA8 /* AssetsLibrary.framework in Frameworks */,
				7BB254A1157C6B070084ACA8 /* CoreData.framework in Frameworks */,
				7BB25414157C68DE0084ACA8 /* UIKit.framework in Frameworks */,
				7BB25416157C68DE0084ACA8 /* Foundation.framework in Frameworks */,
				7BB25418157C68DE0084ACA8 /* CoreGraphics.framework in Frameworks */,
				7B18558515C4F18600166404 /* Parse.framework in Frameworks */,
			);
			runOnlyForDeploymentPostprocessing = 0;
		};
/* End PBXFrameworksBuildPhase section */

/* Begin PBXGroup section */
		7BAD4A6B15C4DEDB009B8828 /* ELCImagePickerController */ = {
			isa = PBXGroup;
			children = (
				7BAD4A6D15C4DEDB009B8828 /* Classes */,
			);
			name = ELCImagePickerController;
			path = Submodule/ELCImagePickerController;
			sourceTree = "<group>";
		};
		7BAD4A6D15C4DEDB009B8828 /* Classes */ = {
			isa = PBXGroup;
			children = (
				7BAD4A6E15C4DEDB009B8828 /* ELCAlbumPickerController.h */,
				7BAD4A6F15C4DEDB009B8828 /* ELCAlbumPickerController.m */,
				7BAD4A7015C4DEDB009B8828 /* ELCAlbumPickerController.xib */,
				7BAD4A7115C4DEDB009B8828 /* ELCAsset.h */,
				7BAD4A7215C4DEDB009B8828 /* ELCAsset.m */,
				7BAD4A7315C4DEDB009B8828 /* ELCAssetCell.h */,
				7BAD4A7415C4DEDB009B8828 /* ELCAssetCell.m */,
				7BAD4A7515C4DEDB009B8828 /* ELCAssetPicker.xib */,
				7BAD4A7615C4DEDB009B8828 /* ELCAssetTablePicker.h */,
				7BAD4A7715C4DEDB009B8828 /* ELCAssetTablePicker.m */,
				7BAD4A7815C4DEDB009B8828 /* ELCAssetTablePicker.xib */,
				7BAD4A7915C4DEDB009B8828 /* ELCImagePickerController.h */,
				7BAD4A7A15C4DEDB009B8828 /* ELCImagePickerController.m */,
				7BAD4A7B15C4DEDB009B8828 /* ELCImagePickerController.xib */,
				7BAD4A7C15C4DEDB009B8828 /* Overlay-Green.png */,
				7BAD4A7D15C4DEDB009B8828 /* Overlay-Green@2x.png */,
				7BAD4A7E15C4DEDB009B8828 /* Overlay.png */,
				7BAD4A7F15C4DEDB009B8828 /* Overlay@2x.png */,
			);
			path = Classes;
			sourceTree = "<group>";
		};
		7BB25404157C68DE0084ACA8 = {
			isa = PBXGroup;
			children = (
				7BB25419157C68DE0084ACA8 /* Shoebox */,
				7BB25412157C68DE0084ACA8 /* Frameworks */,
				7BB25410157C68DE0084ACA8 /* Products */,
			);
			sourceTree = "<group>";
		};
		7BB25410157C68DE0084ACA8 /* Products */ = {
			isa = PBXGroup;
			children = (
				7BB2540F157C68DE0084ACA8 /* Shoebox.app */,
			);
			name = Products;
			sourceTree = "<group>";
		};
		7BB25412157C68DE0084ACA8 /* Frameworks */ = {
			isa = PBXGroup;
			children = (
				7B18558415C4F18600166404 /* Parse.framework */,
				7BAD4A6B15C4DEDB009B8828 /* ELCImagePickerController */,
				7BB2542A157C6A560084ACA8 /* SDKit */,
				7BB25452157C6A560084ACA8 /* SSDataKit */,
				7B7BFC3415831C38009DA726 /* Security.framework */,
				7B7BFC3215831C32009DA726 /* libz.1.1.3.dylib */,
				7B7BFC3015831C24009DA726 /* MobileCoreServices.framework */,
				7B7BFC2E15831C1D009DA726 /* SystemConfiguration.framework */,
				7B7BFC2C15831C16009DA726 /* CFNetwork.framework */,
				7B7BFC2A15831C0F009DA726 /* AudioToolbox.framework */,
				7B47278B157D6CF7007C0FF9 /* QuartzCore.framework */,
				7BB254CF157C86CD0084ACA8 /* AssetsLibrary.framework */,
				7BB254A0157C6B070084ACA8 /* CoreData.framework */,
				7BB25413157C68DE0084ACA8 /* UIKit.framework */,
				7BB25415157C68DE0084ACA8 /* Foundation.framework */,
				7BB25417157C68DE0084ACA8 /* CoreGraphics.framework */,
			);
			name = Frameworks;
			sourceTree = "<group>";
		};
		7BB25419157C68DE0084ACA8 /* Shoebox */ = {
			isa = PBXGroup;
			children = (
				7BB254A2157C6DBE0084ACA8 /* change_log.mdown */,
				7BB25422157C68DE0084ACA8 /* AppDelegate.h */,
				7BB25423157C68DE0084ACA8 /* AppDelegate.m */,
				7BB25498157C6A730084ACA8 /* View */,
				7BB25497157C6A6E0084ACA8 /* Controller */,
				7BB25496157C6A690084ACA8 /* Model */,
				7BB2541A157C68DE0084ACA8 /* Supporting Files */,
			);
			path = Shoebox;
			sourceTree = "<group>";
		};
		7BB2541A157C68DE0084ACA8 /* Supporting Files */ = {
			isa = PBXGroup;
			children = (
				7BB2541B157C68DE0084ACA8 /* Shoebox-Info.plist */,
				7BB2541C157C68DE0084ACA8 /* InfoPlist.strings */,
				7BB2541F157C68DE0084ACA8 /* main.m */,
				7BB25421157C68DE0084ACA8 /* Shoebox-Prefix.pch */,
			);
			name = "Supporting Files";
			sourceTree = "<group>";
		};
		7BB2542A157C6A560084ACA8 /* SDKit */ = {
			isa = PBXGroup;
			children = (
				7BB2542B157C6A560084ACA8 /* Documentation */,
				7BB2543F157C6A560084ACA8 /* gg.jpg */,
				7BB25440157C6A560084ACA8 /* gray_button.png */,
				7BB25441157C6A560084ACA8 /* Green_background.png */,
				7BB25442157C6A560084ACA8 /* log */,
				7BB25443157C6A560084ACA8 /* README.md */,
				7BB25444157C6A560084ACA8 /* Red_Background.png */,
				7BB25445157C6A560084ACA8 /* SDFooterButtonView.h */,
				7BB25446157C6A560084ACA8 /* SDFooterButtonView.m */,
				7BB25447157C6A560084ACA8 /* SDKit.h */,
				7BB25448157C6A560084ACA8 /* SDPatternCell.h */,
				7BB25449157C6A560084ACA8 /* SDPatternCell.m */,
				7BB2544A157C6A560084ACA8 /* SDPlaceholderCell.h */,
				7BB2544B157C6A560084ACA8 /* SDPlaceholderCell.m */,
				7BB2544C157C6A560084ACA8 /* SDRoundedImageViewCell.h */,
				7BB2544D157C6A560084ACA8 /* SDRoundedImageViewCell.m */,
				7BB2544E157C6A560084ACA8 /* SDSwitchCell.h */,
				7BB2544F157C6A560084ACA8 /* SDSwitchCell.m */,
				7BB25450157C6A560084ACA8 /* SDTextFieldCell.h */,
				7BB25451157C6A560084ACA8 /* SDTextFieldCell.m */,
			);
			name = SDKit;
			path = Submodule/SDKit;
			sourceTree = "<group>";
		};
		7BB2542B157C6A560084ACA8 /* Documentation */ = {
			isa = PBXGroup;
			children = (
				7BB2542C157C6A560084ACA8 /* html */,
			);
			path = Documentation;
			sourceTree = "<group>";
		};
		7BB2542C157C6A560084ACA8 /* html */ = {
			isa = PBXGroup;
			children = (
				7BB2542D157C6A560084ACA8 /* Classes */,
				7BB25434157C6A560084ACA8 /* css */,
				7BB25437157C6A560084ACA8 /* hierarchy.html */,
				7BB25438157C6A560084ACA8 /* img */,
				7BB2543E157C6A560084ACA8 /* index.html */,
			);
			path = html;
			sourceTree = "<group>";
		};
		7BB2542D157C6A560084ACA8 /* Classes */ = {
			isa = PBXGroup;
			children = (
				7BB2542E157C6A560084ACA8 /* SDFooterButtonView.html */,
				7BB2542F157C6A560084ACA8 /* SDPatternCell.html */,
				7BB25430157C6A560084ACA8 /* SDPlaceholderCell.html */,
				7BB25431157C6A560084ACA8 /* SDRoundedImageViewCell.html */,
				7BB25432157C6A560084ACA8 /* SDSwitchCell.html */,
				7BB25433157C6A560084ACA8 /* SDTextFieldCell.html */,
			);
			path = Classes;
			sourceTree = "<group>";
		};
		7BB25434157C6A560084ACA8 /* css */ = {
			isa = PBXGroup;
			children = (
				7BB25435157C6A560084ACA8 /* styles.css */,
				7BB25436157C6A560084ACA8 /* stylesPrint.css */,
			);
			path = css;
			sourceTree = "<group>";
		};
		7BB25438157C6A560084ACA8 /* img */ = {
			isa = PBXGroup;
			children = (
				7BB25439157C6A560084ACA8 /* button_bar_background.png */,
				7BB2543A157C6A560084ACA8 /* disclosure.png */,
				7BB2543B157C6A560084ACA8 /* disclosure_open.png */,
				7BB2543C157C6A560084ACA8 /* library_background.png */,
				7BB2543D157C6A560084ACA8 /* title_background.png */,
			);
			path = img;
			sourceTree = "<group>";
		};
		7BB25452157C6A560084ACA8 /* SSDataKit */ = {
			isa = PBXGroup;
			children = (
				7BB25453157C6A560084ACA8 /* NSManagedObjectContext+SSDataKitAdditions.h */,
				7BB25454157C6A560084ACA8 /* NSManagedObjectContext+SSDataKitAdditions.m */,
				7BB25455157C6A560084ACA8 /* Readme.markdown */,
				7BB25456157C6A560084ACA8 /* SSDataKit.h */,
				7BB25457157C6A560084ACA8 /* SSFilterableFetchedResultsController.h */,
				7BB25458157C6A560084ACA8 /* SSFilterableFetchedResultsController.m */,
				7BB25459157C6A560084ACA8 /* SSFilteredResultsFilter.h */,
				7BB2545A157C6A560084ACA8 /* SSFilteredResultsFilter.m */,
				7BB2545B157C6A560084ACA8 /* SSFilteredResultsSection.h */,
				7BB2545C157C6A560084ACA8 /* SSFilteredResultsSection.m */,
				7BB2545D157C6A560084ACA8 /* SSManagedObject.h */,
				7BB2545E157C6A560084ACA8 /* SSManagedObject.m */,
				7BB2545F157C6A560084ACA8 /* SSManagedObjectContext.h */,
				7BB25460157C6A560084ACA8 /* SSManagedObjectContext.m */,
				7BB25461157C6A560084ACA8 /* SSManagedObjectContextObserver.h */,
				7BB25462157C6A560084ACA8 /* SSManagedObjectContextObserver.m */,
				7BB25463157C6A560084ACA8 /* SSManagedObjectContextObserverPrivate.h */,
				7BB25464157C6A560084ACA8 /* SSManagedObjectController.h */,
				7BB25465157C6A560084ACA8 /* SSManagedObjectController.m */,
				7BB25466157C6A560084ACA8 /* SSManagedTableViewController.h */,
				7BB25467157C6A560084ACA8 /* SSManagedTableViewController.m */,
				7BB25468157C6A560084ACA8 /* SSManagedViewController.h */,
				7BB25469157C6A560084ACA8 /* SSManagedViewController.m */,
				7BB2546A157C6A560084ACA8 /* SSRemoteManagedObject.h */,
				7BB2546B157C6A560084ACA8 /* SSRemoteManagedObject.m */,
			);
			name = SSDataKit;
			path = Submodule/SSDataKit;
			sourceTree = "<group>";
		};
		7BB25496157C6A690084ACA8 /* Model */ = {
			isa = PBXGroup;
			children = (
				7B472775157D25BD007C0FF9 /* SDDataManager.h */,
				7B472776157D25BD007C0FF9 /* SDDataManager.m */,
			);
			name = Model;
			sourceTree = "<group>";
		};
		7BB25497157C6A6E0084ACA8 /* Controller */ = {
			isa = PBXGroup;
			children = (
				7BB2549D157C6ACA0084ACA8 /* HomeViewController.h */,
				7BB2549E157C6ACA0084ACA8 /* HomeViewController.m */,
				7BB25499157C6AA60084ACA8 /* NameGroupViewController.h */,
				7BB2549A157C6AA60084ACA8 /* NameGroupViewController.m */,
				7B47276F157CA191007C0FF9 /* InviteViewController.h */,
				7B472770157CA191007C0FF9 /* InviteViewController.m */,
				7B472785157D3E46007C0FF9 /* GridViewController.h */,
				7B472786157D3E47007C0FF9 /* GridViewController.m */,
				7B472788157D5139007C0FF9 /* PhotoViewController.h */,
				7B472789157D513A007C0FF9 /* PhotoViewController.m */,
			);
			name = Controller;
			sourceTree = "<group>";
		};
		7BB25498157C6A730084ACA8 /* View */ = {
			isa = PBXGroup;
			children = (
				7B472771157CA191007C0FF9 /* InviteViewController.xib */,
			);
			name = View;
			sourceTree = "<group>";
		};
/* End PBXGroup section */

/* Begin PBXNativeTarget section */
		7BB2540E157C68DE0084ACA8 /* Shoebox */ = {
			isa = PBXNativeTarget;
			buildConfigurationList = 7BB25427157C68DE0084ACA8 /* Build configuration list for PBXNativeTarget "Shoebox" */;
			buildPhases = (
				7BB2540B157C68DE0084ACA8 /* Sources */,
				7BB2540C157C68DE0084ACA8 /* Frameworks */,
				7BB2540D157C68DE0084ACA8 /* Resources */,
			);
			buildRules = (
			);
			dependencies = (
			);
			name = Shoebox;
			productName = Shoebox;
			productReference = 7BB2540F157C68DE0084ACA8 /* Shoebox.app */;
			productType = "com.apple.product-type.application";
		};
/* End PBXNativeTarget section */

/* Begin PBXProject section */
		7BB25406157C68DE0084ACA8 /* Project object */ = {
			isa = PBXProject;
			attributes = {
				LastUpgradeCheck = 0430;
				ORGANIZATIONNAME = "Bixby Apps";
			};
			buildConfigurationList = 7BB25409157C68DE0084ACA8 /* Build configuration list for PBXProject "Shoebox" */;
			compatibilityVersion = "Xcode 3.2";
			developmentRegion = English;
			hasScannedForEncodings = 0;
			knownRegions = (
				en,
				de,
				es,
				fr,
				id,
				it,
				ja,
				ko,
				ms,
				nl,
				pt,
				pt_PT,
				ru,
				sv,
				zh_Hans,
				zh_Hant,
			);
			mainGroup = 7BB25404157C68DE0084ACA8;
			productRefGroup = 7BB25410157C68DE0084ACA8 /* Products */;
			projectDirPath = "";
			projectRoot = "";
			targets = (
				7BB2540E157C68DE0084ACA8 /* Shoebox */,
			);
		};
/* End PBXProject section */

/* Begin PBXResourcesBuildPhase section */
		7BB2540D157C68DE0084ACA8 /* Resources */ = {
			isa = PBXResourcesBuildPhase;
			buildActionMask = 2147483647;
			files = (
				7BB2541E157C68DE0084ACA8 /* InfoPlist.strings in Resources */,
				7BB2546C157C6A560084ACA8 /* SDFooterButtonView.html in Resources */,
				7BB2546D157C6A560084ACA8 /* SDPatternCell.html in Resources */,
				7BB2546E157C6A560084ACA8 /* SDPlaceholderCell.html in Resources */,
				7BB2546F157C6A560084ACA8 /* SDRoundedImageViewCell.html in Resources */,
				7BB25470157C6A560084ACA8 /* SDSwitchCell.html in Resources */,
				7BB25471157C6A560084ACA8 /* SDTextFieldCell.html in Resources */,
				7BB25472157C6A560084ACA8 /* styles.css in Resources */,
				7BB25473157C6A560084ACA8 /* stylesPrint.css in Resources */,
				7BB25474157C6A560084ACA8 /* hierarchy.html in Resources */,
				7BB25475157C6A560084ACA8 /* button_bar_background.png in Resources */,
				7BB25476157C6A560084ACA8 /* disclosure.png in Resources */,
				7BB25477157C6A560084ACA8 /* disclosure_open.png in Resources */,
				7BB25478157C6A560084ACA8 /* library_background.png in Resources */,
				7BB25479157C6A560084ACA8 /* title_background.png in Resources */,
				7BB2547A157C6A560084ACA8 /* index.html in Resources */,
				7BB2547B157C6A560084ACA8 /* gg.jpg in Resources */,
				7BB2547C157C6A560084ACA8 /* gray_button.png in Resources */,
				7BB2547D157C6A560084ACA8 /* Green_background.png in Resources */,
				7BB2547E157C6A560084ACA8 /* log in Resources */,
				7BB2547F157C6A560084ACA8 /* README.md in Resources */,
				7BB25480157C6A560084ACA8 /* Red_Background.png in Resources */,
				7BB25488157C6A560084ACA8 /* Readme.markdown in Resources */,
				7BB254A3157C6DBE0084ACA8 /* change_log.mdown in Resources */,
				7B472773157CA191007C0FF9 /* InviteViewController.xib in Resources */,
				7BAD4A8215C4DEDB009B8828 /* ELCAlbumPickerController.xib in Resources */,
				7BAD4A8515C4DEDB009B8828 /* ELCAssetPicker.xib in Resources */,
				7BAD4A8715C4DEDB009B8828 /* ELCAssetTablePicker.xib in Resources */,
				7BAD4A8915C4DEDB009B8828 /* ELCImagePickerController.xib in Resources */,
				7BAD4A8A15C4DEDB009B8828 /* Overlay-Green.png in Resources */,
				7BAD4A8B15C4DEDB009B8828 /* Overlay-Green@2x.png in Resources */,
				7BAD4A8C15C4DEDB009B8828 /* Overlay.png in Resources */,
				7BAD4A8D15C4DEDB009B8828 /* Overlay@2x.png in Resources */,
			);
			runOnlyForDeploymentPostprocessing = 0;
		};
/* End PBXResourcesBuildPhase section */

/* Begin PBXSourcesBuildPhase section */
		7BB2540B157C68DE0084ACA8 /* Sources */ = {
			isa = PBXSourcesBuildPhase;
			buildActionMask = 2147483647;
			files = (
				7BB25420157C68DE0084ACA8 /* main.m in Sources */,
				7BB25424157C68DE0084ACA8 /* AppDelegate.m in Sources */,
				7BB25481157C6A560084ACA8 /* SDFooterButtonView.m in Sources */,
				7BB25482157C6A560084ACA8 /* SDPatternCell.m in Sources */,
				7BB25483157C6A560084ACA8 /* SDPlaceholderCell.m in Sources */,
				7BB25484157C6A560084ACA8 /* SDRoundedImageViewCell.m in Sources */,
				7BB25485157C6A560084ACA8 /* SDSwitchCell.m in Sources */,
				7BB25486157C6A560084ACA8 /* SDTextFieldCell.m in Sources */,
				7BB25487157C6A560084ACA8 /* NSManagedObjectContext+SSDataKitAdditions.m in Sources */,
				7BB25489157C6A560084ACA8 /* SSFilterableFetchedResultsController.m in Sources */,
				7BB2548A157C6A560084ACA8 /* SSFilteredResultsFilter.m in Sources */,
				7BB2548B157C6A560084ACA8 /* SSFilteredResultsSection.m in Sources */,
				7BB2548C157C6A560084ACA8 /* SSManagedObject.m in Sources */,
				7BB2548D157C6A560084ACA8 /* SSManagedObjectContext.m in Sources */,
				7BB2548E157C6A560084ACA8 /* SSManagedObjectContextObserver.m in Sources */,
				7BB2548F157C6A560084ACA8 /* SSManagedObjectController.m in Sources */,
				7BB25490157C6A560084ACA8 /* SSManagedTableViewController.m in Sources */,
				7BB25491157C6A560084ACA8 /* SSManagedViewController.m in Sources */,
				7BB25492157C6A560084ACA8 /* SSRemoteManagedObject.m in Sources */,
				7BB2549B157C6AA60084ACA8 /* NameGroupViewController.m in Sources */,
				7BB2549F157C6ACA0084ACA8 /* HomeViewController.m in Sources */,
				7B472772157CA191007C0FF9 /* InviteViewController.m in Sources */,
				7B472777157D25BD007C0FF9 /* SDDataManager.m in Sources */,
				7B472787157D3E47007C0FF9 /* GridViewController.m in Sources */,
				7B47278A157D513A007C0FF9 /* PhotoViewController.m in Sources */,
				7BAD4A8115C4DEDB009B8828 /* ELCAlbumPickerController.m in Sources */,
				7BAD4A8315C4DEDB009B8828 /* ELCAsset.m in Sources */,
				7BAD4A8415C4DEDB009B8828 /* ELCAssetCell.m in Sources */,
				7BAD4A8615C4DEDB009B8828 /* ELCAssetTablePicker.m in Sources */,
				7BAD4A8815C4DEDB009B8828 /* ELCImagePickerController.m in Sources */,
			);
			runOnlyForDeploymentPostprocessing = 0;
		};
/* End PBXSourcesBuildPhase section */

/* Begin PBXVariantGroup section */
		7BB2541C157C68DE0084ACA8 /* InfoPlist.strings */ = {
			isa = PBXVariantGroup;
			children = (
				7BB2541D157C68DE0084ACA8 /* en */,
			);
			name = InfoPlist.strings;
			sourceTree = "<group>";
		};
/* End PBXVariantGroup section */

/* Begin XCBuildConfiguration section */
		7BB25425157C68DE0084ACA8 /* Debug */ = {
			isa = XCBuildConfiguration;
			buildSettings = {
				ALWAYS_SEARCH_USER_PATHS = NO;
				ARCHS = "$(ARCHS_STANDARD_32_BIT)";
				CLANG_ENABLE_OBJC_ARC = YES;
				"CODE_SIGN_IDENTITY[sdk=iphoneos*]" = "iPhone Developer";
				COPY_PHASE_STRIP = NO;
				GCC_C_LANGUAGE_STANDARD = gnu99;
				GCC_DYNAMIC_NO_PIC = NO;
				GCC_OPTIMIZATION_LEVEL = 0;
				GCC_PREPROCESSOR_DEFINITIONS = (
					"DEBUG=1",
					"$(inherited)",
				);
				GCC_SYMBOLS_PRIVATE_EXTERN = NO;
				GCC_VERSION = com.apple.compilers.llvm.clang.1_0;
				GCC_WARN_ABOUT_RETURN_TYPE = YES;
				GCC_WARN_UNINITIALIZED_AUTOS = YES;
				GCC_WARN_UNUSED_VARIABLE = YES;
				IPHONEOS_DEPLOYMENT_TARGET = 5.1;
				SDKROOT = iphoneos;
			};
			name = Debug;
		};
		7BB25426157C68DE0084ACA8 /* Release */ = {
			isa = XCBuildConfiguration;
			buildSettings = {
				ALWAYS_SEARCH_USER_PATHS = NO;
				ARCHS = "$(ARCHS_STANDARD_32_BIT)";
				CLANG_ENABLE_OBJC_ARC = YES;
				"CODE_SIGN_IDENTITY[sdk=iphoneos*]" = "iPhone Developer";
				COPY_PHASE_STRIP = YES;
				GCC_C_LANGUAGE_STANDARD = gnu99;
				GCC_VERSION = com.apple.compilers.llvm.clang.1_0;
				GCC_WARN_ABOUT_RETURN_TYPE = YES;
				GCC_WARN_UNINITIALIZED_AUTOS = YES;
				GCC_WARN_UNUSED_VARIABLE = YES;
				IPHONEOS_DEPLOYMENT_TARGET = 5.1;
				OTHER_CFLAGS = "-DNS_BLOCK_ASSERTIONS=1";
				SDKROOT = iphoneos;
				VALIDATE_PRODUCT = YES;
			};
			name = Release;
		};
		7BB25428157C68DE0084ACA8 /* Debug */ = {
			isa = XCBuildConfiguration;
			buildSettings = {
				CODE_SIGN_IDENTITY = "iPhone Developer: Stephen Derico (RGS2F76K98)";
				"CODE_SIGN_IDENTITY[sdk=iphoneos*]" = "iPhone Developer: Stephen Derico (RGS2F76K98)";
				FRAMEWORK_SEARCH_PATHS = (
					"$(inherited)",
					"\"$(SRCROOT)/Submodule\"",
					"\"$(SRCROOT)\"",
				);
				GCC_PRECOMPILE_PREFIX_HEADER = YES;
				GCC_PREFIX_HEADER = "Shoebox/Shoebox-Prefix.pch";
				INFOPLIST_FILE = "Shoebox/Shoebox-Info.plist";
				IPHONEOS_DEPLOYMENT_TARGET = 5.0;
				PRODUCT_NAME = "$(TARGET_NAME)";
				PROVISIONING_PROFILE = "28056BA8-7B22-441B-93C7-4F62105F9BA8";
				"PROVISIONING_PROFILE[sdk=iphoneos*]" = "28056BA8-7B22-441B-93C7-4F62105F9BA8";
				WRAPPER_EXTENSION = app;
			};
			name = Debug;
		};
		7BB25429157C68DE0084ACA8 /* Release */ = {
			isa = XCBuildConfiguration;
			buildSettings = {
				CODE_SIGN_IDENTITY = "iPhone Developer: Stephen Derico (RGS2F76K98)";
				FRAMEWORK_SEARCH_PATHS = (
					"$(inherited)",
					"\"$(SRCROOT)/Submodule\"",
					"\"$(SRCROOT)\"",
				);
				GCC_PRECOMPILE_PREFIX_HEADER = YES;
				GCC_PREFIX_HEADER = "Shoebox/Shoebox-Prefix.pch";
				INFOPLIST_FILE = "Shoebox/Shoebox-Info.plist";
				IPHONEOS_DEPLOYMENT_TARGET = 5.0;
				PRODUCT_NAME = "$(TARGET_NAME)";
				PROVISIONING_PROFILE = "28056BA8-7B22-441B-93C7-4F62105F9BA8";
				WRAPPER_EXTENSION = app;
			};
			name = Release;
		};
/* End XCBuildConfiguration section */

/* Begin XCConfigurationList section */
		7BB25409157C68DE0084ACA8 /* Build configuration list for PBXProject "Shoebox" */ = {
			isa = XCConfigurationList;
			buildConfigurations = (
				7BB25425157C68DE0084ACA8 /* Debug */,
				7BB25426157C68DE0084ACA8 /* Release */,
			);
			defaultConfigurationIsVisible = 0;
			defaultConfigurationName = Release;
		};
		7BB25427157C68DE0084ACA8 /* Build configuration list for PBXNativeTarget "Shoebox" */ = {
			isa = XCConfigurationList;
			buildConfigurations = (
				7BB25428157C68DE0084ACA8 /* Debug */,
				7BB25429157C68DE0084ACA8 /* Release */,
			);
			defaultConfigurationIsVisible = 0;
			defaultConfigurationName = Release;
		};
/* End XCConfigurationList section */
	};
	rootObject = 7BB25406157C68DE0084ACA8 /* Project object */;
}
